
Microsoft Visual Studio Solution File, Format Version 12.00
# Visual Studio 14
VisualStudioVersion = 14.0.25420.1
MinimumVisualStudioVersion = 10.0.40219.1
Project("{888888A0-9F3D-457C-B088-3A5042F75D52}") = "t2", "t2\t2.pyproj", "{DB01D0D2-0D07-4072-991A-89F08CAB4C36}"
EndProject
Project("{888888A0-9F3D-457C-B088-3A5042F75D52}") = "t1", "t1\t1.pyproj", "{43D38263-4C0B-4267-905C-D7E29A7BD017}"
EndProject
Project("{888888A0-9F3D-457C-B088-3A5042F75D52}") = "t3", "t3\t3.pyproj", "{2950CD81-C43C-4A7F-8D6D-114BB12D57C5}"
EndProject
Global
	GlobalSection(SolutionConfigurationPlatforms) = preSolution
		Debug|Any CPU = Debug|Any CPU
		Release|Any CPU = Release|Any CPU
	EndGlobalSection
	GlobalSection(ProjectConfigurationPlatforms) = postSolution
		{DB01D0D2-0D07-4072-991A-89F08CAB4C36}.Debug|Any CPU.ActiveCfg = Debug|Any CPU
		{DB01D0D2-0D07-4072-991A-89F08CAB4C36}.Release|Any CPU.ActiveCfg = Release|Any CPU
		{43D38263-4C0B-4267-905C-D7E29A7BD017}.Debug|Any CPU.ActiveCfg = Debug|Any CPU
		{43D38263-4C0B-4267-905C-D7E29A7BD017}.Release|Any CPU.ActiveCfg = Release|Any CPU
		{2950CD81-C43C-4A7F-8D6D-114BB12D57C5}.Debug|Any CPU.ActiveCfg = Debug|Any CPU
		{2950CD81-C43C-4A7F-8D6D-114BB12D57C5}.Release|Any CPU.ActiveCfg = Release|Any CPU
	EndGlobalSection
	GlobalSection(SolutionProperties) = preSolution
		HideSolutionNode = FALSE
	EndGlobalSection
EndGlobal
